# This file is autogenerated, do not edit; changes may be undone by the next 'dep ensure'.


[[projects]]
  branch = "master"
  name = "github.com/derekparker/trie"
  packages = ["."]
  revision = "e608c2733dc704cd4a73f825f4acab8f3c3d4d15"

[[projects]]
  branch = "master"
  name = "github.com/mitchellh/go-homedir"
  packages = ["."]
  revision = "58046073cbffe2f25d425fe1331102f55cf719de"

[solve-meta]
  analyzer-name = "dep"
  analyzer-version = 1
  inputs-digest = "349fdf1f011d38c4a0efed48ba8e0dfc330456d4923f60b75747e5981d5b5855"
  solver-name = "gps-cdcl"
  solver-version = 1
